
Microsoft Visual Studio Solution File, Format Version 12.00
# Visual Studio 15
VisualStudioVersion = 15.0.27130.2024
MinimumVisualStudioVersion = 10.0.40219.1
Project("{9A19103F-16F7-4668-BE54-9A1E7A4F7556}") = "Zxw.Framework.NetCore", "Zxw.Framework.NetCore\Zxw.Framework.NetCore.csproj", "{3CA31344-BC8F-47A2-B23F-A6CDB3DEC255}"
EndProject
Project("{9A19103F-16F7-4668-BE54-9A1E7A4F7556}") = "Zxw.Framework.Pay", "Zxw.Framework.Pay\Zxw.Framework.Pay.csproj", "{098D793F-E42E-4209-9AFE-3BCAEB0B3661}"
EndProject
Project("{9A19103F-16F7-4668-BE54-9A1E7A4F7556}") = "Zxw.Framework.Wechat", "Zxw.Framework.WeChat\Zxw.Framework.Wechat.csproj", "{4037646A-DC7A-4D03-9C91-98FB2CBC2686}"
EndProject
Project("{FAE04EC0-301F-11D3-BF4B-00C04F79EFBC}") = "Zxw.Framework.UnitTest", "Zxw.Framework.UnitTest\Zxw.Framework.UnitTest.csproj", "{A145B828-7D27-4E05-81D8-23085796D083}"
EndProject
Global
	GlobalSection(SolutionConfigurationPlatforms) = preSolution
		Debug|Any CPU = Debug|Any CPU
		Release|Any CPU = Release|Any CPU
	EndGlobalSection
	GlobalSection(ProjectConfigurationPlatforms) = postSolution
		{3CA31344-BC8F-47A2-B23F-A6CDB3DEC255}.Debug|Any CPU.ActiveCfg = Debug|Any CPU
		{3CA31344-BC8F-47A2-B23F-A6CDB3DEC255}.Debug|Any CPU.Build.0 = Debug|Any CPU
		{3CA31344-BC8F-47A2-B23F-A6CDB3DEC255}.Release|Any CPU.ActiveCfg = Release|Any CPU
		{3CA31344-BC8F-47A2-B23F-A6CDB3DEC255}.Release|Any CPU.Build.0 = Release|Any CPU
		{098D793F-E42E-4209-9AFE-3BCAEB0B3661}.Debug|Any CPU.ActiveCfg = Debug|Any CPU
		{098D793F-E42E-4209-9AFE-3BCAEB0B3661}.Debug|Any CPU.Build.0 = Debug|Any CPU
		{098D793F-E42E-4209-9AFE-3BCAEB0B3661}.Release|Any CPU.ActiveCfg = Release|Any CPU
		{098D793F-E42E-4209-9AFE-3BCAEB0B3661}.Release|Any CPU.Build.0 = Release|Any CPU
		{4037646A-DC7A-4D03-9C91-98FB2CBC2686}.Debug|Any CPU.ActiveCfg = Debug|Any CPU
		{4037646A-DC7A-4D03-9C91-98FB2CBC2686}.Debug|Any CPU.Build.0 = Debug|Any CPU
		{4037646A-DC7A-4D03-9C91-98FB2CBC2686}.Release|Any CPU.ActiveCfg = Release|Any CPU
		{4037646A-DC7A-4D03-9C91-98FB2CBC2686}.Release|Any CPU.Build.0 = Release|Any CPU
		{A145B828-7D27-4E05-81D8-23085796D083}.Debug|Any CPU.ActiveCfg = Debug|Any CPU
		{A145B828-7D27-4E05-81D8-23085796D083}.Debug|Any CPU.Build.0 = Debug|Any CPU
		{A145B828-7D27-4E05-81D8-23085796D083}.Release|Any CPU.ActiveCfg = Release|Any CPU
		{A145B828-7D27-4E05-81D8-23085796D083}.Release|Any CPU.Build.0 = Release|Any CPU
	EndGlobalSection
	GlobalSection(SolutionProperties) = preSolution
		HideSolutionNode = FALSE
	EndGlobalSection
	GlobalSection(ExtensibilityGlobals) = postSolution
		SolutionGuid = {E96BCD9A-C6E5-4F84-ABB0-1203F62A4470}
	EndGlobalSection
EndGlobal
